// !$*UTF8*$!
{
	archiveVersion = 1;
	classes = {
	};
	objectVersion = 46;
	objects = {

/* Begin PBXBuildFile section */
		FC9C07811F67CBBC00BFDA19 /* ZDOKSetViewController.m in Sources */ = {isa = PBXBuildFile; fileRef = FC9C07731F67CBBC00BFDA19 /* ZDOKSetViewController.m */; };
		FC9C07821F67CBBC00BFDA19 /* ZDCoinPriceModel.m in Sources */ = {isa = PBXBuildFile; fileRef = FC9C07761F67CBBC00BFDA19 /* ZDCoinPriceModel.m */; };
		FC9C07831F67CBBC00BFDA19 /* CoinPrice in Resources */ = {isa = PBXBuildFile; fileRef = FC9C07781F67CBBC00BFDA19 /* CoinPrice */; };
		FC9C07841F67CBBC00BFDA19 /* ZDPriceCoinCell.m in Sources */ = {isa = PBXBuildFile; fileRef = FC9C077E1F67CBBC00BFDA19 /* ZDPriceCoinCell.m */; };
		FC9C07851F67CBBC00BFDA19 /* ZDPriceTableView.m in Sources */ = {isa = PBXBuildFile; fileRef = FC9C07801F67CBBC00BFDA19 /* ZDPriceTableView.m */; };
		FC9C07891F67D7DF00BFDA19 /* ZDRefreshTableView.m in Sources */ = {isa = PBXBuildFile; fileRef = FC9C07881F67D7DF00BFDA19 /* ZDRefreshTableView.m */; };
		FC9C078C1F67DE8B00BFDA19 /* ZDRefreshCell.m in Sources */ = {isa = PBXBuildFile; fileRef = FC9C078B1F67DE8B00BFDA19 /* ZDRefreshCell.m */; };
		FCED9B121F664A940060EF74 /* main.m in Sources */ = {isa = PBXBuildFile; fileRef = FCED9B111F664A940060EF74 /* main.m */; };
		FCED9B151F664A940060EF74 /* AppDelegate.m in Sources */ = {isa = PBXBuildFile; fileRef = FCED9B141F664A940060EF74 /* AppDelegate.m */; };
		FCED9B181F664A940060EF74 /* ViewController.m in Sources */ = {isa = PBXBuildFile; fileRef = FCED9B171F664A940060EF74 /* ViewController.m */; };
		FCED9B1B1F664A940060EF74 /* Main.storyboard in Resources */ = {isa = PBXBuildFile; fileRef = FCED9B191F664A940060EF74 /* Main.storyboard */; };
		FCED9B1D1F664A940060EF74 /* Assets.xcassets in Resources */ = {isa = PBXBuildFile; fileRef = FCED9B1C1F664A940060EF74 /* Assets.xcassets */; };
		FCED9B201F664A940060EF74 /* LaunchScreen.storyboard in Resources */ = {isa = PBXBuildFile; fileRef = FCED9B1E1F664A940060EF74 /* LaunchScreen.storyboard */; };
/* End PBXBuildFile section */

/* Begin PBXFileReference section */
		FC9C07721F67CBBC00BFDA19 /* ZDOKSetViewController.h */ = {isa = PBXFileReference; fileEncoding = 4; lastKnownFileType = sourcecode.c.h; path = ZDOKSetViewController.h; sourceTree = "<group>"; };
		FC9C07731F67CBBC00BFDA19 /* ZDOKSetViewController.m */ = {isa = PBXFileReference; fileEncoding = 4; lastKnownFileType = sourcecode.c.objc; path = ZDOKSetViewController.m; sourceTree = "<group>"; };
		FC9C07751F67CBBC00BFDA19 /* ZDCoinPriceModel.h */ = {isa = PBXFileReference; fileEncoding = 4; lastKnownFileType = sourcecode.c.h; path = ZDCoinPriceModel.h; sourceTree = "<group>"; };
		FC9C07761F67CBBC00BFDA19 /* ZDCoinPriceModel.m */ = {isa = PBXFileReference; fileEncoding = 4; lastKnownFileType = sourcecode.c.objc; path = ZDCoinPriceModel.m; sourceTree = "<group>"; };
		FC9C07781F67CBBC00BFDA19 /* CoinPrice */ = {isa = PBXFileReference; fileEncoding = 4; lastKnownFileType = text; path = CoinPrice; sourceTree = "<group>"; };
		FC9C077A1F67CBBC00BFDA19 /* GXBMacrosDefine.h */ = {isa = PBXFileReference; fileEncoding = 4; lastKnownFileType = sourcecode.c.h; path = GXBMacrosDefine.h; sourceTree = "<group>"; };
		FC9C077D1F67CBBC00BFDA19 /* ZDPriceCoinCell.h */ = {isa = PBXFileReference; fileEncoding = 4; lastKnownFileType = sourcecode.c.h; path = ZDPriceCoinCell.h; sourceTree = "<group>"; };
		FC9C077E1F67CBBC00BFDA19 /* ZDPriceCoinCell.m */ = {isa = PBXFileReference; fileEncoding = 4; lastKnownFileType = sourcecode.c.objc; path = ZDPriceCoinCell.m; sourceTree = "<group>"; };
		FC9C077F1F67CBBC00BFDA19 /* ZDPriceTableView.h */ = {isa = PBXFileReference; fileEncoding = 4; lastKnownFileType = sourcecode.c.h; path = ZDPriceTableView.h; sourceTree = "<group>"; };
		FC9C07801F67CBBC00BFDA19 /* ZDPriceTableView.m */ = {isa = PBXFileReference; fileEncoding = 4; lastKnownFileType = sourcecode.c.objc; path = ZDPriceTableView.m; sourceTree = "<group>"; };
		FC9C07861F67D07D00BFDA19 /* PrefixHeader.pch */ = {isa = PBXFileReference; lastKnownFileType = sourcecode.c.h; path = PrefixHeader.pch; sourceTree = "<group>"; };
		FC9C07871F67D7DF00BFDA19 /* ZDRefreshTableView.h */ = {isa = PBXFileReference; fileEncoding = 4; lastKnownFileType = sourcecode.c.h; path = ZDRefreshTableView.h; sourceTree = "<group>"; };
		FC9C07881F67D7DF00BFDA19 /* ZDRefreshTableView.m */ = {isa = PBXFileReference; fileEncoding = 4; lastKnownFileType = sourcecode.c.objc; path = ZDRefreshTableView.m; sourceTree = "<group>"; };
		FC9C078A1F67DE8B00BFDA19 /* ZDRefreshCell.h */ = {isa = PBXFileReference; fileEncoding = 4; lastKnownFileType = sourcecode.c.h; path = ZDRefreshCell.h; sourceTree = "<group>"; };
		FC9C078B1F67DE8B00BFDA19 /* ZDRefreshCell.m */ = {isa = PBXFileReference; fileEncoding = 4; lastKnownFileType = sourcecode.c.objc; path = ZDRefreshCell.m; sourceTree = "<group>"; };
		FCED9B0D1F664A940060EF74 /* OKCoinDemo.app */ = {isa = PBXFileReference; explicitFileType = wrapper.application; includeInIndex = 0; path = OKCoinDemo.app; sourceTree = BUILT_PRODUCTS_DIR; };
		FCED9B111F664A940060EF74 /* main.m */ = {isa = PBXFileReference; lastKnownFileType = sourcecode.c.objc; path = main.m; sourceTree = "<group>"; };
		FCED9B131F664A940060EF74 /* AppDelegate.h */ = {isa = PBXFileReference; lastKnownFileType = sourcecode.c.h; path = AppDelegate.h; sourceTree = "<group>"; };
		FCED9B141F664A940060EF74 /* AppDelegate.m */ = {isa = PBXFileReference; lastKnownFileType = sourcecode.c.objc; path = AppDelegate.m; sourceTree = "<group>"; };
		FCED9B161F664A940060EF74 /* ViewController.h */ = {isa = PBXFileReference; lastKnownFileType = sourcecode.c.h; path = ViewController.h; sourceTree = "<group>"; };
		FCED9B171F664A940060EF74 /* ViewController.m */ = {isa = PBXFileReference; lastKnownFileType = sourcecode.c.objc; path = ViewController.m; sourceTree = "<group>"; };
		FCED9B1A1F664A940060EF74 /* Base */ = {isa = PBXFileReference; lastKnownFileType = file.storyboard; name = Base; path = Base.lproj/Main.storyboard; sourceTree = "<group>"; };
		FCED9B1C1F664A940060EF74 /* Assets.xcassets */ = {isa = PBXFileReference; lastKnownFileType = folder.assetcatalog; path = Assets.xcassets; sourceTree = "<group>"; };
		FCED9B1F1F664A940060EF74 /* Base */ = {isa = PBXFileReference; lastKnownFileType = file.storyboard; name = Base; path = Base.lproj/LaunchScreen.storyboard; sourceTree = "<group>"; };
		FCED9B211F664A940060EF74 /* Info.plist */ = {isa = PBXFileReference; lastKnownFileType = text.plist.xml; path = Info.plist; sourceTree = "<group>"; };
/* End PBXFileReference section */

/* Begin PBXFrameworksBuildPhase section */
		FCED9B0A1F664A940060EF74 /* Frameworks */ = {
			isa = PBXFrameworksBuildPhase;
			buildActionMask = 2147483647;
			files = (
			);
			runOnlyForDeploymentPostprocessing = 0;
		};
/* End PBXFrameworksBuildPhase section */

/* Begin PBXGroup section */
		FC9C07701F67CBBC00BFDA19 /* PriceSetting */ = {
			isa = PBXGroup;
			children = (
				FC9C07741F67CBBC00BFDA19 /* Model */,
				FC9C07711F67CBBC00BFDA19 /* Controller */,
				FC9C077C1F67CBBC00BFDA19 /* View */,
				FC9C07771F67CBBC00BFDA19 /* Resource */,
			);
			path = PriceSetting;
			sourceTree = "<group>";
		};
		FC9C07711F67CBBC00BFDA19 /* Controller */ = {
			isa = PBXGroup;
			children = (
				FC9C07721F67CBBC00BFDA19 /* ZDOKSetViewController.h */,
				FC9C07731F67CBBC00BFDA19 /* ZDOKSetViewController.m */,
			);
			path = Controller;
			sourceTree = "<group>";
		};
		FC9C07741F67CBBC00BFDA19 /* Model */ = {
			isa = PBXGroup;
			children = (
				FC9C07751F67CBBC00BFDA19 /* ZDCoinPriceModel.h */,
				FC9C07761F67CBBC00BFDA19 /* ZDCoinPriceModel.m */,
			);
			path = Model;
			sourceTree = "<group>";
		};
		FC9C07771F67CBBC00BFDA19 /* Resource */ = {
			isa = PBXGroup;
			children = (
				FC9C07781F67CBBC00BFDA19 /* CoinPrice */,
				FC9C07791F67CBBC00BFDA19 /* Macros */,
			);
			path = Resource;
			sourceTree = "<group>";
		};
		FC9C07791F67CBBC00BFDA19 /* Macros */ = {
			isa = PBXGroup;
			children = (
				FC9C077A1F67CBBC00BFDA19 /* GXBMacrosDefine.h */,
			);
			path = Macros;
			sourceTree = "<group>";
		};
		FC9C077C1F67CBBC00BFDA19 /* View */ = {
			isa = PBXGroup;
			children = (
				FC9C077D1F67CBBC00BFDA19 /* ZDPriceCoinCell.h */,
				FC9C077E1F67CBBC00BFDA19 /* ZDPriceCoinCell.m */,
				FC9C077F1F67CBBC00BFDA19 /* ZDPriceTableView.h */,
				FC9C07801F67CBBC00BFDA19 /* ZDPriceTableView.m */,
				FC9C07871F67D7DF00BFDA19 /* ZDRefreshTableView.h */,
				FC9C07881F67D7DF00BFDA19 /* ZDRefreshTableView.m */,
				FC9C078A1F67DE8B00BFDA19 /* ZDRefreshCell.h */,
				FC9C078B1F67DE8B00BFDA19 /* ZDRefreshCell.m */,
			);
			path = View;
			sourceTree = "<group>";
		};
		FCED9B041F664A940060EF74 = {
			isa = PBXGroup;
			children = (
				FCED9B0F1F664A940060EF74 /* OKCoinDemo */,
				FCED9B0E1F664A940060EF74 /* Products */,
			);
			sourceTree = "<group>";
		};
		FCED9B0E1F664A940060EF74 /* Products */ = {
			isa = PBXGroup;
			children = (
				FCED9B0D1F664A940060EF74 /* OKCoinDemo.app */,
			);
			name = Products;
			sourceTree = "<group>";
		};
		FCED9B0F1F664A940060EF74 /* OKCoinDemo */ = {
			isa = PBXGroup;
			children = (
				FC9C07701F67CBBC00BFDA19 /* PriceSetting */,
				FCED9B131F664A940060EF74 /* AppDelegate.h */,
				FCED9B141F664A940060EF74 /* AppDelegate.m */,
				FCED9B161F664A940060EF74 /* ViewController.h */,
				FCED9B171F664A940060EF74 /* ViewController.m */,
				FCED9B191F664A940060EF74 /* Main.storyboard */,
				FCED9B1C1F664A940060EF74 /* Assets.xcassets */,
				FCED9B1E1F664A940060EF74 /* LaunchScreen.storyboard */,
				FCED9B211F664A940060EF74 /* Info.plist */,
				FC9C07861F67D07D00BFDA19 /* PrefixHeader.pch */,
				FCED9B101F664A940060EF74 /* Supporting Files */,
			);
			path = OKCoinDemo;
			sourceTree = "<group>";
		};
		FCED9B101F664A940060EF74 /* Supporting Files */ = {
			isa = PBXGroup;
			children = (
				FCED9B111F664A940060EF74 /* main.m */,
			);
			name = "Supporting Files";
			sourceTree = "<group>";
		};
/* End PBXGroup section */

/* Begin PBXNativeTarget section */
		FCED9B0C1F664A940060EF74 /* OKCoinDemo */ = {
			isa = PBXNativeTarget;
			buildConfigurationList = FCED9B241F664A940060EF74 /* Build configuration list for PBXNativeTarget "OKCoinDemo" */;
			buildPhases = (
				FCED9B091F664A940060EF74 /* Sources */,
				FCED9B0A1F664A940060EF74 /* Frameworks */,
				FCED9B0B1F664A940060EF74 /* Resources */,
			);
			buildRules = (
			);
			dependencies = (
			);
			name = OKCoinDemo;
			productName = OKCoinDemo;
			productReference = FCED9B0D1F664A940060EF74 /* OKCoinDemo.app */;
			productType = "com.apple.product-type.application";
		};
/* End PBXNativeTarget section */

/* Begin PBXProject section */
		FCED9B051F664A940060EF74 /* Project object */ = {
			isa = PBXProject;
			attributes = {
				CLASSPREFIX = ZD;
				LastUpgradeCheck = 0830;
				ORGANIZATIONNAME = "朱冬冬";
				TargetAttributes = {
					FCED9B0C1F664A940060EF74 = {
						CreatedOnToolsVersion = 8.3.3;
						ProvisioningStyle = Automatic;
					};
				};
			};
			buildConfigurationList = FCED9B081F664A940060EF74 /* Build configuration list for PBXProject "OKCoinDemo" */;
			compatibilityVersion = "Xcode 3.2";
			developmentRegion = English;
			hasScannedForEncodings = 0;
			knownRegions = (
				en,
				Base,
			);
			mainGroup = FCED9B041F664A940060EF74;
			productRefGroup = FCED9B0E1F664A940060EF74 /* Products */;
			projectDirPath = "";
			projectRoot = "";
			targets = (
				FCED9B0C1F664A940060EF74 /* OKCoinDemo */,
			);
		};
/* End PBXProject section */

/* Begin PBXResourcesBuildPhase section */
		FCED9B0B1F664A940060EF74 /* Resources */ = {
			isa = PBXResourcesBuildPhase;
			buildActionMask = 2147483647;
			files = (
				FCED9B201F664A940060EF74 /* LaunchScreen.storyboard in Resources */,
				FC9C07831F67CBBC00BFDA19 /* CoinPrice in Resources */,
				FCED9B1D1F664A940060EF74 /* Assets.xcassets in Resources */,
				FCED9B1B1F664A940060EF74 /* Main.storyboard in Resources */,
			);
			runOnlyForDeploymentPostprocessing = 0;
		};
/* End PBXResourcesBuildPhase section */

/* Begin PBXSourcesBuildPhase section */
		FCED9B091F664A940060EF74 /* Sources */ = {
			isa = PBXSourcesBuildPhase;
			buildActionMask = 2147483647;
			files = (
				FCED9B181F664A940060EF74 /* ViewController.m in Sources */,
				FC9C07811F67CBBC00BFDA19 /* ZDOKSetViewController.m in Sources */,
				FC9C07851F67CBBC00BFDA19 /* ZDPriceTableView.m in Sources */,
				FC9C07821F67CBBC00BFDA19 /* ZDCoinPriceModel.m in Sources */,
				FCED9B151F664A940060EF74 /* AppDelegate.m in Sources */,
				FC9C078C1F67DE8B00BFDA19 /* ZDRefreshCell.m in Sources */,
				FC9C07841F67CBBC00BFDA19 /* ZDPriceCoinCell.m in Sources */,
				FCED9B121F664A940060EF74 /* main.m in Sources */,
				FC9C07891F67D7DF00BFDA19 /* ZDRefreshTableView.m in Sources */,
			);
			runOnlyForDeploymentPostprocessing = 0;
		};
/* End PBXSourcesBuildPhase section */

/* Begin PBXVariantGroup section */
		FCED9B191F664A940060EF74 /* Main.storyboard */ = {
			isa = PBXVariantGroup;
			children = (
				FCED9B1A1F664A940060EF74 /* Base */,
			);
			name = Main.storyboard;
			sourceTree = "<group>";
		};
		FCED9B1E1F664A940060EF74 /* LaunchScreen.storyboard */ = {
			isa = PBXVariantGroup;
			children = (
				FCED9B1F1F664A940060EF74 /* Base */,
			);
			name = LaunchScreen.storyboard;
			sourceTree = "<group>";
		};
/* End PBXVariantGroup section */

/* Begin XCBuildConfiguration section */
		FCED9B221F664A940060EF74 /* Debug */ = {
			isa = XCBuildConfiguration;
			buildSettings = {
				ALWAYS_SEARCH_USER_PATHS = NO;
				CLANG_ANALYZER_NONNULL = YES;
				CLANG_ANALYZER_NUMBER_OBJECT_CONVERSION = YES_AGGRESSIVE;
				CLANG_CXX_LANGUAGE_STANDARD = "gnu++0x";
				CLANG_CXX_LIBRARY = "libc++";
				CLANG_ENABLE_MODULES = YES;
				CLANG_ENABLE_OBJC_ARC = YES;
				CLANG_WARN_BOOL_CONVERSION = YES;
				CLANG_WARN_CONSTANT_CONVERSION = YES;
				CLANG_WARN_DIRECT_OBJC_ISA_USAGE = YES_ERROR;
				CLANG_WARN_DOCUMENTATION_COMMENTS = YES;
				CLANG_WARN_EMPTY_BODY = YES;
				CLANG_WARN_ENUM_CONVERSION = YES;
				CLANG_WARN_INFINITE_RECURSION = YES;
				CLANG_WARN_INT_CONVERSION = YES;
				CLANG_WARN_OBJC_ROOT_CLASS = YES_ERROR;
				CLANG_WARN_SUSPICIOUS_MOVE = YES;
				CLANG_WARN_UNREACHABLE_CODE = YES;
				CLANG_WARN__DUPLICATE_METHOD_MATCH = YES;
				"CODE_SIGN_IDENTITY[sdk=iphoneos*]" = "iPhone Developer";
				COPY_PHASE_STRIP = NO;
				DEBUG_INFORMATION_FORMAT = dwarf;
				ENABLE_STRICT_OBJC_MSGSEND = YES;
				ENABLE_TESTABILITY = YES;
				GCC_C_LANGUAGE_STANDARD = gnu99;
				GCC_DYNAMIC_NO_PIC = NO;
				GCC_NO_COMMON_BLOCKS = YES;
				GCC_OPTIMIZATION_LEVEL = 0;
				GCC_PREPROCESSOR_DEFINITIONS = (
					"DEBUG=1",
					"$(inherited)",
				);
				GCC_WARN_64_TO_32_BIT_CONVERSION = YES;
				GCC_WARN_ABOUT_RETURN_TYPE = YES_ERROR;
				GCC_WARN_UNDECLARED_SELECTOR = YES;
				GCC_WARN_UNINITIALIZED_AUTOS = YES_AGGRESSIVE;
				GCC_WARN_UNUSED_FUNCTION = YES;
				GCC_WARN_UNUSED_VARIABLE = YES;
				IPHONEOS_DEPLOYMENT_TARGET = 10.3;
				MTL_ENABLE_DEBUG_INFO = YES;
				ONLY_ACTIVE_ARCH = YES;
				SDKROOT = iphoneos;
			};
			name = Debug;
		};
		FCED9B231F664A940060EF74 /* Release */ = {
			isa = XCBuildConfiguration;
			buildSettings = {
				ALWAYS_SEARCH_USER_PATHS = NO;
				CLANG_ANALYZER_NONNULL = YES;
				CLANG_ANALYZER_NUMBER_OBJECT_CONVERSION = YES_AGGRESSIVE;
				CLANG_CXX_LANGUAGE_STANDARD = "gnu++0x";
				CLANG_CXX_LIBRARY = "libc++";
				CLANG_ENABLE_MODULES = YES;
				CLANG_ENABLE_OBJC_ARC = YES;
				CLANG_WARN_BOOL_CONVERSION = YES;
				CLANG_WARN_CONSTANT_CONVERSION = YES;
				CLANG_WARN_DIRECT_OBJC_ISA_USAGE = YES_ERROR;
				CLANG_WARN_DOCUMENTATION_COMMENTS = YES;
				CLANG_WARN_EMPTY_BODY = YES;
				CLANG_WARN_ENUM_CONVERSION = YES;
				CLANG_WARN_INFINITE_RECURSION = YES;
				CLANG_WARN_INT_CONVERSION = YES;
				CLANG_WARN_OBJC_ROOT_CLASS = YES_ERROR;
				CLANG_WARN_SUSPICIOUS_MOVE = YES;
				CLANG_WARN_UNREACHABLE_CODE = YES;
				CLANG_WARN__DUPLICATE_METHOD_MATCH = YES;
				"CODE_SIGN_IDENTITY[sdk=iphoneos*]" = "iPhone Developer";
				COPY_PHASE_STRIP = NO;
				DEBUG_INFORMATION_FORMAT = "dwarf-with-dsym";
				ENABLE_NS_ASSERTIONS = NO;
				ENABLE_STRICT_OBJC_MSGSEND = YES;
				GCC_C_LANGUAGE_STANDARD = gnu99;
				GCC_NO_COMMON_BLOCKS = YES;
				GCC_WARN_64_TO_32_BIT_CONVERSION = YES;
				GCC_WARN_ABOUT_RETURN_TYPE = YES_ERROR;
				GCC_WARN_UNDECLARED_SELECTOR = YES;
				GCC_WARN_UNINITIALIZED_AUTOS = YES_AGGRESSIVE;
				GCC_WARN_UNUSED_FUNCTION = YES;
				GCC_WARN_UNUSED_VARIABLE = YES;
				IPHONEOS_DEPLOYMENT_TARGET = 10.3;
				MTL_ENABLE_DEBUG_INFO = NO;
				SDKROOT = iphoneos;
				VALIDATE_PRODUCT = YES;
			};
			name = Release;
		};
		FCED9B251F664A940060EF74 /* Debug */ = {
			isa = XCBuildConfiguration;
			buildSettings = {
				ASSETCATALOG_COMPILER_APPICON_NAME = AppIcon;
				GCC_PREFIX_HEADER = "${SRCROOT}/OKCoinDemo/PrefixHeader.pch";
				INFOPLIST_FILE = OKCoinDemo/Info.plist;
				LD_RUNPATH_SEARCH_PATHS = "$(inherited) @executable_path/Frameworks";
				PRODUCT_BUNDLE_IDENTIFIER = com.zhudong.OKCoinDemo;
				PRODUCT_NAME = "$(TARGET_NAME)";
			};
			name = Debug;
		};
		FCED9B261F664A940060EF74 /* Release */ = {
			isa = XCBuildConfiguration;
			buildSettings = {
				ASSETCATALOG_COMPILER_APPICON_NAME = AppIcon;
				GCC_PREFIX_HEADER = "${SRCROOT}/OKCoinDemo/PrefixHeader.pch";
				INFOPLIST_FILE = OKCoinDemo/Info.plist;
				LD_RUNPATH_SEARCH_PATHS = "$(inherited) @executable_path/Frameworks";
				PRODUCT_BUNDLE_IDENTIFIER = com.zhudong.OKCoinDemo;
				PRODUCT_NAME = "$(TARGET_NAME)";
			};
			name = Release;
		};
/* End XCBuildConfiguration section */

/* Begin XCConfigurationList section */
		FCED9B081F664A940060EF74 /* Build configuration list for PBXProject "OKCoinDemo" */ = {
			isa = XCConfigurationList;
			buildConfigurations = (
				FCED9B221F664A940060EF74 /* Debug */,
				FCED9B231F664A940060EF74 /* Release */,
			);
			defaultConfigurationIsVisible = 0;
			defaultConfigurationName = Release;
		};
		FCED9B241F664A940060EF74 /* Build configuration list for PBXNativeTarget "OKCoinDemo" */ = {
			isa = XCConfigurationList;
			buildConfigurations = (
				FCED9B251F664A940060EF74 /* Debug */,
				FCED9B261F664A940060EF74 /* Release */,
			);
			defaultConfigurationIsVisible = 0;
			defaultConfigurationName = Release;
		};
/* End XCConfigurationList section */
	};
	rootObject = FCED9B051F664A940060EF74 /* Project object */;
}
